
Microsoft Visual Studio Solution File, Format Version 11.00
# Visual Studio 2010
Project("{F2A71F9B-5D33-465A-A702-920D77279786}") = "Pacman prototype", "Pacman prototype\Pacman prototype.fsproj", "{B3CB72C6-F66A-4119-BE9E-3CCA1634CB13}"
EndProject
Global
	GlobalSection(SolutionConfigurationPlatforms) = preSolution
		Debug|x86 = Debug|x86
		Release|x86 = Release|x86
	EndGlobalSection
	GlobalSection(ProjectConfigurationPlatforms) = postSolution
		{B3CB72C6-F66A-4119-BE9E-3CCA1634CB13}.Debug|x86.ActiveCfg = Debug|x86
		{B3CB72C6-F66A-4119-BE9E-3CCA1634CB13}.Debug|x86.Build.0 = Debug|x86
		{B3CB72C6-F66A-4119-BE9E-3CCA1634CB13}.Release|x86.ActiveCfg = Release|x86
		{B3CB72C6-F66A-4119-BE9E-3CCA1634CB13}.Release|x86.Build.0 = Release|x86
	EndGlobalSection
	GlobalSection(SolutionProperties) = preSolution
		HideSolutionNode = FALSE
	EndGlobalSection
EndGlobal
