
Microsoft Visual Studio Solution File, Format Version 12.00
# Visual Studio 2012
Project("{FAE04EC0-301F-11D3-BF4B-00C04F79EFBC}") = "GooseEngine", "GooseEngine\GooseEngine.csproj", "{1A146465-21F3-44D1-A779-6C4958CBD24B}"
EndProject
Project("{FAE04EC0-301F-11D3-BF4B-00C04F79EFBC}") = "GooseEngine_Test", "GooseEngine_Test\GooseEngine_Test.csproj", "{E89CD13D-43FB-491B-ADE9-1DED5377D1EF}"
EndProject
Project("{FAE04EC0-301F-11D3-BF4B-00C04F79EFBC}") = "iilang", "iilang\iilang\iilang.csproj", "{8205042B-12C2-4A7E-9A19-EC06792BC8E6}"
EndProject
Project("{FAE04EC0-301F-11D3-BF4B-00C04F79EFBC}") = "iilangTest", "iilang\iilangTest\iilangTest.csproj", "{2C3911AB-7569-462B-B2F6-EFC562F0E5C7}"
EndProject
Project("{FAE04EC0-301F-11D3-BF4B-00C04F79EFBC}") = "GooseEngineController", "GooseEngineController\GooseEngineController.csproj", "{17B595AD-7F21-43EB-BAEE-70E9838842D1}"
EndProject
Project("{FAE04EC0-301F-11D3-BF4B-00C04F79EFBC}") = "Assembly-CSharp", "GooseEngineUnity\Assembly-CSharp.csproj", "{D23D2408-F0F0-C36D-2D83-FBCDF1454426}"
EndProject
Project("{FAE04EC0-301F-11D3-BF4B-00C04F79EFBC}") = "GooseEngineView", "GooseEngineView\GooseEngineView.csproj", "{7D41D1DE-4947-45D8-8DD7-05EF290576C7}"
EndProject
Global
	GlobalSection(SolutionConfigurationPlatforms) = preSolution
		Debug|Any CPU = Debug|Any CPU
		Debug|Mixed Platforms = Debug|Mixed Platforms
		Debug|x86 = Debug|x86
		Release|Any CPU = Release|Any CPU
		Release|Mixed Platforms = Release|Mixed Platforms
		Release|x86 = Release|x86
	EndGlobalSection
	GlobalSection(ProjectConfigurationPlatforms) = postSolution
		{1A146465-21F3-44D1-A779-6C4958CBD24B}.Debug|Any CPU.ActiveCfg = Debug|Any CPU
		{1A146465-21F3-44D1-A779-6C4958CBD24B}.Debug|Any CPU.Build.0 = Debug|Any CPU
		{1A146465-21F3-44D1-A779-6C4958CBD24B}.Debug|Mixed Platforms.ActiveCfg = Debug|Any CPU
		{1A146465-21F3-44D1-A779-6C4958CBD24B}.Debug|Mixed Platforms.Build.0 = Debug|Any CPU
		{1A146465-21F3-44D1-A779-6C4958CBD24B}.Debug|x86.ActiveCfg = Debug|Any CPU
		{1A146465-21F3-44D1-A779-6C4958CBD24B}.Debug|x86.Build.0 = Debug|Any CPU
		{1A146465-21F3-44D1-A779-6C4958CBD24B}.Release|Any CPU.ActiveCfg = Release|Any CPU
		{1A146465-21F3-44D1-A779-6C4958CBD24B}.Release|Any CPU.Build.0 = Release|Any CPU
		{1A146465-21F3-44D1-A779-6C4958CBD24B}.Release|Mixed Platforms.ActiveCfg = Release|Any CPU
		{1A146465-21F3-44D1-A779-6C4958CBD24B}.Release|Mixed Platforms.Build.0 = Release|Any CPU
		{1A146465-21F3-44D1-A779-6C4958CBD24B}.Release|x86.ActiveCfg = Release|Any CPU
		{1A146465-21F3-44D1-A779-6C4958CBD24B}.Release|x86.Build.0 = Release|Any CPU
		{E89CD13D-43FB-491B-ADE9-1DED5377D1EF}.Debug|Any CPU.ActiveCfg = Debug|Any CPU
		{E89CD13D-43FB-491B-ADE9-1DED5377D1EF}.Debug|Any CPU.Build.0 = Debug|Any CPU
		{E89CD13D-43FB-491B-ADE9-1DED5377D1EF}.Debug|Mixed Platforms.ActiveCfg = Debug|Any CPU
		{E89CD13D-43FB-491B-ADE9-1DED5377D1EF}.Debug|Mixed Platforms.Build.0 = Debug|Any CPU
		{E89CD13D-43FB-491B-ADE9-1DED5377D1EF}.Debug|x86.ActiveCfg = Debug|Any CPU
		{E89CD13D-43FB-491B-ADE9-1DED5377D1EF}.Debug|x86.Build.0 = Debug|Any CPU
		{E89CD13D-43FB-491B-ADE9-1DED5377D1EF}.Release|Any CPU.ActiveCfg = Release|Any CPU
		{E89CD13D-43FB-491B-ADE9-1DED5377D1EF}.Release|Any CPU.Build.0 = Release|Any CPU
		{E89CD13D-43FB-491B-ADE9-1DED5377D1EF}.Release|Mixed Platforms.ActiveCfg = Release|Any CPU
		{E89CD13D-43FB-491B-ADE9-1DED5377D1EF}.Release|Mixed Platforms.Build.0 = Release|Any CPU
		{E89CD13D-43FB-491B-ADE9-1DED5377D1EF}.Release|x86.ActiveCfg = Release|Any CPU
		{E89CD13D-43FB-491B-ADE9-1DED5377D1EF}.Release|x86.Build.0 = Release|Any CPU
		{8205042B-12C2-4A7E-9A19-EC06792BC8E6}.Debug|Any CPU.ActiveCfg = Debug|x86
		{8205042B-12C2-4A7E-9A19-EC06792BC8E6}.Debug|Any CPU.Build.0 = Debug|x86
		{8205042B-12C2-4A7E-9A19-EC06792BC8E6}.Debug|Mixed Platforms.ActiveCfg = Debug|x86
		{8205042B-12C2-4A7E-9A19-EC06792BC8E6}.Debug|Mixed Platforms.Build.0 = Debug|x86
		{8205042B-12C2-4A7E-9A19-EC06792BC8E6}.Debug|x86.ActiveCfg = Debug|x86
		{8205042B-12C2-4A7E-9A19-EC06792BC8E6}.Debug|x86.Build.0 = Debug|x86
		{8205042B-12C2-4A7E-9A19-EC06792BC8E6}.Release|Any CPU.ActiveCfg = Release|x86
		{8205042B-12C2-4A7E-9A19-EC06792BC8E6}.Release|Any CPU.Build.0 = Release|x86
		{8205042B-12C2-4A7E-9A19-EC06792BC8E6}.Release|Mixed Platforms.ActiveCfg = Release|x86
		{8205042B-12C2-4A7E-9A19-EC06792BC8E6}.Release|Mixed Platforms.Build.0 = Release|x86
		{8205042B-12C2-4A7E-9A19-EC06792BC8E6}.Release|x86.ActiveCfg = Release|x86
		{8205042B-12C2-4A7E-9A19-EC06792BC8E6}.Release|x86.Build.0 = Release|x86
		{2C3911AB-7569-462B-B2F6-EFC562F0E5C7}.Debug|Any CPU.ActiveCfg = Debug|Any CPU
		{2C3911AB-7569-462B-B2F6-EFC562F0E5C7}.Debug|Any CPU.Build.0 = Debug|Any CPU
		{2C3911AB-7569-462B-B2F6-EFC562F0E5C7}.Debug|Mixed Platforms.ActiveCfg = Debug|Any CPU
		{2C3911AB-7569-462B-B2F6-EFC562F0E5C7}.Debug|Mixed Platforms.Build.0 = Debug|Any CPU
		{2C3911AB-7569-462B-B2F6-EFC562F0E5C7}.Debug|x86.ActiveCfg = Debug|Any CPU
		{2C3911AB-7569-462B-B2F6-EFC562F0E5C7}.Debug|x86.Build.0 = Debug|Any CPU
		{2C3911AB-7569-462B-B2F6-EFC562F0E5C7}.Release|Any CPU.ActiveCfg = Release|Any CPU
		{2C3911AB-7569-462B-B2F6-EFC562F0E5C7}.Release|Any CPU.Build.0 = Release|Any CPU
		{2C3911AB-7569-462B-B2F6-EFC562F0E5C7}.Release|Mixed Platforms.ActiveCfg = Release|Any CPU
		{2C3911AB-7569-462B-B2F6-EFC562F0E5C7}.Release|Mixed Platforms.Build.0 = Release|Any CPU
		{2C3911AB-7569-462B-B2F6-EFC562F0E5C7}.Release|x86.ActiveCfg = Release|Any CPU
		{2C3911AB-7569-462B-B2F6-EFC562F0E5C7}.Release|x86.Build.0 = Release|Any CPU
		{17B595AD-7F21-43EB-BAEE-70E9838842D1}.Debug|Any CPU.ActiveCfg = Debug|Any CPU
		{17B595AD-7F21-43EB-BAEE-70E9838842D1}.Debug|Any CPU.Build.0 = Debug|Any CPU
		{17B595AD-7F21-43EB-BAEE-70E9838842D1}.Debug|Mixed Platforms.ActiveCfg = Debug|Any CPU
		{17B595AD-7F21-43EB-BAEE-70E9838842D1}.Debug|Mixed Platforms.Build.0 = Debug|Any CPU
		{17B595AD-7F21-43EB-BAEE-70E9838842D1}.Debug|x86.ActiveCfg = Debug|Any CPU
		{17B595AD-7F21-43EB-BAEE-70E9838842D1}.Release|Any CPU.ActiveCfg = Release|Any CPU
		{17B595AD-7F21-43EB-BAEE-70E9838842D1}.Release|Any CPU.Build.0 = Release|Any CPU
		{17B595AD-7F21-43EB-BAEE-70E9838842D1}.Release|Mixed Platforms.ActiveCfg = Release|Any CPU
		{17B595AD-7F21-43EB-BAEE-70E9838842D1}.Release|Mixed Platforms.Build.0 = Release|Any CPU
		{17B595AD-7F21-43EB-BAEE-70E9838842D1}.Release|x86.ActiveCfg = Release|Any CPU
		{D23D2408-F0F0-C36D-2D83-FBCDF1454426}.Debug|Any CPU.ActiveCfg = Debug|Any CPU
		{D23D2408-F0F0-C36D-2D83-FBCDF1454426}.Debug|Any CPU.Build.0 = Debug|Any CPU
		{D23D2408-F0F0-C36D-2D83-FBCDF1454426}.Debug|Mixed Platforms.ActiveCfg = Debug|Any CPU
		{D23D2408-F0F0-C36D-2D83-FBCDF1454426}.Debug|Mixed Platforms.Build.0 = Debug|Any CPU
		{D23D2408-F0F0-C36D-2D83-FBCDF1454426}.Debug|x86.ActiveCfg = Debug|Any CPU
		{D23D2408-F0F0-C36D-2D83-FBCDF1454426}.Release|Any CPU.ActiveCfg = Release|Any CPU
		{D23D2408-F0F0-C36D-2D83-FBCDF1454426}.Release|Any CPU.Build.0 = Release|Any CPU
		{D23D2408-F0F0-C36D-2D83-FBCDF1454426}.Release|Mixed Platforms.ActiveCfg = Release|Any CPU
		{D23D2408-F0F0-C36D-2D83-FBCDF1454426}.Release|Mixed Platforms.Build.0 = Release|Any CPU
		{D23D2408-F0F0-C36D-2D83-FBCDF1454426}.Release|x86.ActiveCfg = Release|Any CPU
		{7D41D1DE-4947-45D8-8DD7-05EF290576C7}.Debug|Any CPU.ActiveCfg = Debug|Any CPU
		{7D41D1DE-4947-45D8-8DD7-05EF290576C7}.Debug|Any CPU.Build.0 = Debug|Any CPU
		{7D41D1DE-4947-45D8-8DD7-05EF290576C7}.Debug|Mixed Platforms.ActiveCfg = Debug|Any CPU
		{7D41D1DE-4947-45D8-8DD7-05EF290576C7}.Debug|Mixed Platforms.Build.0 = Debug|Any CPU
		{7D41D1DE-4947-45D8-8DD7-05EF290576C7}.Debug|x86.ActiveCfg = Debug|Any CPU
		{7D41D1DE-4947-45D8-8DD7-05EF290576C7}.Release|Any CPU.ActiveCfg = Release|Any CPU
		{7D41D1DE-4947-45D8-8DD7-05EF290576C7}.Release|Any CPU.Build.0 = Release|Any CPU
		{7D41D1DE-4947-45D8-8DD7-05EF290576C7}.Release|Mixed Platforms.ActiveCfg = Release|Any CPU
		{7D41D1DE-4947-45D8-8DD7-05EF290576C7}.Release|Mixed Platforms.Build.0 = Release|Any CPU
		{7D41D1DE-4947-45D8-8DD7-05EF290576C7}.Release|x86.ActiveCfg = Release|Any CPU
	EndGlobalSection
	GlobalSection(SolutionProperties) = preSolution
		HideSolutionNode = FALSE
	EndGlobalSection
	GlobalSection(MonoDevelopProperties) = preSolution
		StartupItem = GooseEngine\GooseEngine.csproj
	EndGlobalSection
EndGlobal
